
Microsoft Visual Studio Solution File, Format Version 12.00
# Visual Studio Version 17
VisualStudioVersion = 17.4.33205.214
MinimumVisualStudioVersion = 10.0.40219.1
Project("{FAE04EC0-301F-11D3-BF4B-00C04F79EFBC}") = "MathQuiz", "MathQuiz\MathQuiz.csproj", "{F6632EFB-B61C-4FDA-9B20-FA1903AEAB54}"
EndProject
Global
	GlobalSection(SolutionConfigurationPlatforms) = preSolution
		Debug|Any CPU = Debug|Any CPU
		Release|Any CPU = Release|Any CPU
	EndGlobalSection
	GlobalSection(ProjectConfigurationPlatforms) = postSolution
		{F6632EFB-B61C-4FDA-9B20-FA1903AEAB54}.Debug|Any CPU.ActiveCfg = Debug|Any CPU
		{F6632EFB-B61C-4FDA-9B20-FA1903AEAB54}.Debug|Any CPU.Build.0 = Debug|Any CPU
		{F6632EFB-B61C-4FDA-9B20-FA1903AEAB54}.Release|Any CPU.ActiveCfg = Release|Any CPU
		{F6632EFB-B61C-4FDA-9B20-FA1903AEAB54}.Release|Any CPU.Build.0 = Release|Any CPU
	EndGlobalSection
	GlobalSection(SolutionProperties) = preSolution
		HideSolutionNode = FALSE
	EndGlobalSection
	GlobalSection(ExtensibilityGlobals) = postSolution
		SolutionGuid = {38BE7C8A-760C-472D-BF6F-306AC49664E8}
	EndGlobalSection
EndGlobal
